// !$*UTF8*$!
{
	archiveVersion = 1;
	classes = {
	};
	objectVersion = 50;
	objects = {

/* Begin PBXBuildFile section */
		4A0A39B42902ABF2006EBF81 /* Tickets.swift in Sources */ = {isa = PBXBuildFile; fileRef = 4A0A39B32902ABF2006EBF81 /* Tickets.swift */; };
		4A43CF972906D8E2007A8ACF /* AnswersTableViewCell.swift in Sources */ = {isa = PBXBuildFile; fileRef = 4A43CF962906D8E2007A8ACF /* AnswersTableViewCell.swift */; };
		4ACF879E290185840057E265 /* json_file in Resources */ = {isa = PBXBuildFile; fileRef = 4ACF879D290185840057E265 /* json_file */; };
		4AD4F41D28FED83F006BB383 /* AppDelegate.swift in Sources */ = {isa = PBXBuildFile; fileRef = 4AD4F41C28FED83F006BB383 /* AppDelegate.swift */; };
		4AD4F41F28FED83F006BB383 /* SceneDelegate.swift in Sources */ = {isa = PBXBuildFile; fileRef = 4AD4F41E28FED83F006BB383 /* SceneDelegate.swift */; };
		4AD4F42128FED83F006BB383 /* ViewController.swift in Sources */ = {isa = PBXBuildFile; fileRef = 4AD4F42028FED83F006BB383 /* ViewController.swift */; };
		4AD4F42428FED83F006BB383 /* Main.storyboard in Resources */ = {isa = PBXBuildFile; fileRef = 4AD4F42228FED83F006BB383 /* Main.storyboard */; };
		4AD4F42628FED842006BB383 /* Assets.xcassets in Resources */ = {isa = PBXBuildFile; fileRef = 4AD4F42528FED842006BB383 /* Assets.xcassets */; };
		4AD4F42928FED842006BB383 /* LaunchScreen.storyboard in Resources */ = {isa = PBXBuildFile; fileRef = 4AD4F42728FED842006BB383 /* LaunchScreen.storyboard */; };
		4AD4F43228FED8D1006BB383 /* TestViewController.swift in Sources */ = {isa = PBXBuildFile; fileRef = 4AD4F43128FED8D1006BB383 /* TestViewController.swift */; };
/* End PBXBuildFile section */

/* Begin PBXFileReference section */
		4A0A39B32902ABF2006EBF81 /* Tickets.swift */ = {isa = PBXFileReference; lastKnownFileType = sourcecode.swift; path = Tickets.swift; sourceTree = "<group>"; };
		4A43CF962906D8E2007A8ACF /* AnswersTableViewCell.swift */ = {isa = PBXFileReference; lastKnownFileType = sourcecode.swift; path = AnswersTableViewCell.swift; sourceTree = "<group>"; };
		4ACF879D290185840057E265 /* json_file */ = {isa = PBXFileReference; fileEncoding = 4; lastKnownFileType = text; path = json_file; sourceTree = "<group>"; };
		4AD4F41928FED83F006BB383 /* Driving Test Georgia.app */ = {isa = PBXFileReference; explicitFileType = wrapper.application; includeInIndex = 0; path = "Driving Test Georgia.app"; sourceTree = BUILT_PRODUCTS_DIR; };
		4AD4F41C28FED83F006BB383 /* AppDelegate.swift */ = {isa = PBXFileReference; lastKnownFileType = sourcecode.swift; path = AppDelegate.swift; sourceTree = "<group>"; };
		4AD4F41E28FED83F006BB383 /* SceneDelegate.swift */ = {isa = PBXFileReference; lastKnownFileType = sourcecode.swift; path = SceneDelegate.swift; sourceTree = "<group>"; };
		4AD4F42028FED83F006BB383 /* ViewController.swift */ = {isa = PBXFileReference; lastKnownFileType = sourcecode.swift; path = ViewController.swift; sourceTree = "<group>"; };
		4AD4F42328FED83F006BB383 /* Base */ = {isa = PBXFileReference; lastKnownFileType = file.storyboard; name = Base; path = Base.lproj/Main.storyboard; sourceTree = "<group>"; };
		4AD4F42528FED842006BB383 /* Assets.xcassets */ = {isa = PBXFileReference; lastKnownFileType = folder.assetcatalog; path = Assets.xcassets; sourceTree = "<group>"; };
		4AD4F42828FED842006BB383 /* Base */ = {isa = PBXFileReference; lastKnownFileType = file.storyboard; name = Base; path = Base.lproj/LaunchScreen.storyboard; sourceTree = "<group>"; };
		4AD4F42A28FED842006BB383 /* Info.plist */ = {isa = PBXFileReference; lastKnownFileType = text.plist.xml; path = Info.plist; sourceTree = "<group>"; };
		4AD4F43128FED8D1006BB383 /* TestViewController.swift */ = {isa = PBXFileReference; lastKnownFileType = sourcecode.swift; path = TestViewController.swift; sourceTree = "<group>"; };
/* End PBXFileReference section */

/* Begin PBXFrameworksBuildPhase section */
		4AD4F41628FED83F006BB383 /* Frameworks */ = {
			isa = PBXFrameworksBuildPhase;
			buildActionMask = 2147483647;
			files = (
			);
			runOnlyForDeploymentPostprocessing = 0;
		};
/* End PBXFrameworksBuildPhase section */

/* Begin PBXGroup section */
		4AD4F41028FED83F006BB383 = {
			isa = PBXGroup;
			children = (
				4AD4F41B28FED83F006BB383 /* Driving Test Georgia */,
				4AD4F41A28FED83F006BB383 /* Products */,
			);
			sourceTree = "<group>";
		};
		4AD4F41A28FED83F006BB383 /* Products */ = {
			isa = PBXGroup;
			children = (
				4AD4F41928FED83F006BB383 /* Driving Test Georgia.app */,
			);
			name = Products;
			sourceTree = "<group>";
		};
		4AD4F41B28FED83F006BB383 /* Driving Test Georgia */ = {
			isa = PBXGroup;
			children = (
				4AD4F41C28FED83F006BB383 /* AppDelegate.swift */,
				4AD4F41E28FED83F006BB383 /* SceneDelegate.swift */,
				4ACF879D290185840057E265 /* json_file */,
				4AD4F42028FED83F006BB383 /* ViewController.swift */,
				4AD4F43128FED8D1006BB383 /* TestViewController.swift */,
				4A43CF962906D8E2007A8ACF /* AnswersTableViewCell.swift */,
				4A0A39B32902ABF2006EBF81 /* Tickets.swift */,
				4AD4F42228FED83F006BB383 /* Main.storyboard */,
				4AD4F42528FED842006BB383 /* Assets.xcassets */,
				4AD4F42728FED842006BB383 /* LaunchScreen.storyboard */,
				4AD4F42A28FED842006BB383 /* Info.plist */,
			);
			path = "Driving Test Georgia";
			sourceTree = "<group>";
		};
/* End PBXGroup section */

/* Begin PBXNativeTarget section */
		4AD4F41828FED83F006BB383 /* Driving Test Georgia */ = {
			isa = PBXNativeTarget;
			buildConfigurationList = 4AD4F42D28FED842006BB383 /* Build configuration list for PBXNativeTarget "Driving Test Georgia" */;
			buildPhases = (
				4AD4F41528FED83F006BB383 /* Sources */,
				4AD4F41628FED83F006BB383 /* Frameworks */,
				4AD4F41728FED83F006BB383 /* Resources */,
			);
			buildRules = (
			);
			dependencies = (
			);
			name = "Driving Test Georgia";
			productName = "Driving Test Georgia";
			productReference = 4AD4F41928FED83F006BB383 /* Driving Test Georgia.app */;
			productType = "com.apple.product-type.application";
		};
/* End PBXNativeTarget section */

/* Begin PBXProject section */
		4AD4F41128FED83F006BB383 /* Project object */ = {
			isa = PBXProject;
			attributes = {
				LastSwiftUpdateCheck = 1240;
				LastUpgradeCheck = 1240;
				TargetAttributes = {
					4AD4F41828FED83F006BB383 = {
						CreatedOnToolsVersion = 12.4;
					};
				};
			};
			buildConfigurationList = 4AD4F41428FED83F006BB383 /* Build configuration list for PBXProject "Driving Test Georgia" */;
			compatibilityVersion = "Xcode 9.3";
			developmentRegion = en;
			hasScannedForEncodings = 0;
			knownRegions = (
				en,
				Base,
			);
			mainGroup = 4AD4F41028FED83F006BB383;
			productRefGroup = 4AD4F41A28FED83F006BB383 /* Products */;
			projectDirPath = "";
			projectRoot = "";
			targets = (
				4AD4F41828FED83F006BB383 /* Driving Test Georgia */,
			);
		};
/* End PBXProject section */

/* Begin PBXResourcesBuildPhase section */
		4AD4F41728FED83F006BB383 /* Resources */ = {
			isa = PBXResourcesBuildPhase;
			buildActionMask = 2147483647;
			files = (
				4AD4F42928FED842006BB383 /* LaunchScreen.storyboard in Resources */,
				4AD4F42628FED842006BB383 /* Assets.xcassets in Resources */,
				4ACF879E290185840057E265 /* json_file in Resources */,
				4AD4F42428FED83F006BB383 /* Main.storyboard in Resources */,
			);
			runOnlyForDeploymentPostprocessing = 0;
		};
/* End PBXResourcesBuildPhase section */

/* Begin PBXSourcesBuildPhase section */
		4AD4F41528FED83F006BB383 /* Sources */ = {
			isa = PBXSourcesBuildPhase;
			buildActionMask = 2147483647;
			files = (
				4AD4F42128FED83F006BB383 /* ViewController.swift in Sources */,
				4A0A39B42902ABF2006EBF81 /* Tickets.swift in Sources */,
				4AD4F41D28FED83F006BB383 /* AppDelegate.swift in Sources */,
				4A43CF972906D8E2007A8ACF /* AnswersTableViewCell.swift in Sources */,
				4AD4F43228FED8D1006BB383 /* TestViewController.swift in Sources */,
				4AD4F41F28FED83F006BB383 /* SceneDelegate.swift in Sources */,
			);
			runOnlyForDeploymentPostprocessing = 0;
		};
/* End PBXSourcesBuildPhase section */

/* Begin PBXVariantGroup section */
		4AD4F42228FED83F006BB383 /* Main.storyboard */ = {
			isa = PBXVariantGroup;
			children = (
				4AD4F42328FED83F006BB383 /* Base */,
			);
			name = Main.storyboard;
			sourceTree = "<group>";
		};
		4AD4F42728FED842006BB383 /* LaunchScreen.storyboard */ = {
			isa = PBXVariantGroup;
			children = (
				4AD4F42828FED842006BB383 /* Base */,
			);
			name = LaunchScreen.storyboard;
			sourceTree = "<group>";
		};
/* End PBXVariantGroup section */

/* Begin XCBuildConfiguration section */
		4AD4F42B28FED842006BB383 /* Debug */ = {
			isa = XCBuildConfiguration;
			buildSettings = {
				ALWAYS_SEARCH_USER_PATHS = NO;
				CLANG_ANALYZER_NONNULL = YES;
				CLANG_ANALYZER_NUMBER_OBJECT_CONVERSION = YES_AGGRESSIVE;
				CLANG_CXX_LANGUAGE_STANDARD = "gnu++14";
				CLANG_CXX_LIBRARY = "libc++";
				CLANG_ENABLE_MODULES = YES;
				CLANG_ENABLE_OBJC_ARC = YES;
				CLANG_ENABLE_OBJC_WEAK = YES;
				CLANG_WARN_BLOCK_CAPTURE_AUTORELEASING = YES;
				CLANG_WARN_BOOL_CONVERSION = YES;
				CLANG_WARN_COMMA = YES;
				CLANG_WARN_CONSTANT_CONVERSION = YES;
				CLANG_WARN_DEPRECATED_OBJC_IMPLEMENTATIONS = YES;
				CLANG_WARN_DIRECT_OBJC_ISA_USAGE = YES_ERROR;
				CLANG_WARN_DOCUMENTATION_COMMENTS = YES;
				CLANG_WARN_EMPTY_BODY = YES;
				CLANG_WARN_ENUM_CONVERSION = YES;
				CLANG_WARN_INFINITE_RECURSION = YES;
				CLANG_WARN_INT_CONVERSION = YES;
				CLANG_WARN_NON_LITERAL_NULL_CONVERSION = YES;
				CLANG_WARN_OBJC_IMPLICIT_RETAIN_SELF = YES;
				CLANG_WARN_OBJC_LITERAL_CONVERSION = YES;
				CLANG_WARN_OBJC_ROOT_CLASS = YES_ERROR;
				CLANG_WARN_QUOTED_INCLUDE_IN_FRAMEWORK_HEADER = YES;
				CLANG_WARN_RANGE_LOOP_ANALYSIS = YES;
				CLANG_WARN_STRICT_PROTOTYPES = YES;
				CLANG_WARN_SUSPICIOUS_MOVE = YES;
				CLANG_WARN_UNGUARDED_AVAILABILITY = YES_AGGRESSIVE;
				CLANG_WARN_UNREACHABLE_CODE = YES;
				CLANG_WARN__DUPLICATE_METHOD_MATCH = YES;
				COPY_PHASE_STRIP = NO;
				DEBUG_INFORMATION_FORMAT = dwarf;
				ENABLE_STRICT_OBJC_MSGSEND = YES;
				ENABLE_TESTABILITY = YES;
				GCC_C_LANGUAGE_STANDARD = gnu11;
				GCC_DYNAMIC_NO_PIC = NO;
				GCC_NO_COMMON_BLOCKS = YES;
				GCC_OPTIMIZATION_LEVEL = 0;
				GCC_PREPROCESSOR_DEFINITIONS = (
					"DEBUG=1",
					"$(inherited)",
				);
				GCC_WARN_64_TO_32_BIT_CONVERSION = YES;
				GCC_WARN_ABOUT_RETURN_TYPE = YES_ERROR;
				GCC_WARN_UNDECLARED_SELECTOR = YES;
				GCC_WARN_UNINITIALIZED_AUTOS = YES_AGGRESSIVE;
				GCC_WARN_UNUSED_FUNCTION = YES;
				GCC_WARN_UNUSED_VARIABLE = YES;
				IPHONEOS_DEPLOYMENT_TARGET = 14.4;
				MTL_ENABLE_DEBUG_INFO = INCLUDE_SOURCE;
				MTL_FAST_MATH = YES;
				ONLY_ACTIVE_ARCH = YES;
				SDKROOT = iphoneos;
				SWIFT_ACTIVE_COMPILATION_CONDITIONS = DEBUG;
				SWIFT_OPTIMIZATION_LEVEL = "-Onone";
			};
			name = Debug;
		};
		4AD4F42C28FED842006BB383 /* Release */ = {
			isa = XCBuildConfiguration;
			buildSettings = {
				ALWAYS_SEARCH_USER_PATHS = NO;
				CLANG_ANALYZER_NONNULL = YES;
				CLANG_ANALYZER_NUMBER_OBJECT_CONVERSION = YES_AGGRESSIVE;
				CLANG_CXX_LANGUAGE_STANDARD = "gnu++14";
				CLANG_CXX_LIBRARY = "libc++";
				CLANG_ENABLE_MODULES = YES;
				CLANG_ENABLE_OBJC_ARC = YES;
				CLANG_ENABLE_OBJC_WEAK = YES;
				CLANG_WARN_BLOCK_CAPTURE_AUTORELEASING = YES;
				CLANG_WARN_BOOL_CONVERSION = YES;
				CLANG_WARN_COMMA = YES;
				CLANG_WARN_CONSTANT_CONVERSION = YES;
				CLANG_WARN_DEPRECATED_OBJC_IMPLEMENTATIONS = YES;
				CLANG_WARN_DIRECT_OBJC_ISA_USAGE = YES_ERROR;
				CLANG_WARN_DOCUMENTATION_COMMENTS = YES;
				CLANG_WARN_EMPTY_BODY = YES;
				CLANG_WARN_ENUM_CONVERSION = YES;
				CLANG_WARN_INFINITE_RECURSION = YES;
				CLANG_WARN_INT_CONVERSION = YES;
				CLANG_WARN_NON_LITERAL_NULL_CONVERSION = YES;
				CLANG_WARN_OBJC_IMPLICIT_RETAIN_SELF = YES;
				CLANG_WARN_OBJC_LITERAL_CONVERSION = YES;
				CLANG_WARN_OBJC_ROOT_CLASS = YES_ERROR;
				CLANG_WARN_QUOTED_INCLUDE_IN_FRAMEWORK_HEADER = YES;
				CLANG_WARN_RANGE_LOOP_ANALYSIS = YES;
				CLANG_WARN_STRICT_PROTOTYPES = YES;
				CLANG_WARN_SUSPICIOUS_MOVE = YES;
				CLANG_WARN_UNGUARDED_AVAILABILITY = YES_AGGRESSIVE;
				CLANG_WARN_UNREACHABLE_CODE = YES;
				CLANG_WARN__DUPLICATE_METHOD_MATCH = YES;
				COPY_PHASE_STRIP = NO;
				DEBUG_INFORMATION_FORMAT = "dwarf-with-dsym";
				ENABLE_NS_ASSERTIONS = NO;
				ENABLE_STRICT_OBJC_MSGSEND = YES;
				GCC_C_LANGUAGE_STANDARD = gnu11;
				GCC_NO_COMMON_BLOCKS = YES;
				GCC_WARN_64_TO_32_BIT_CONVERSION = YES;
				GCC_WARN_ABOUT_RETURN_TYPE = YES_ERROR;
				GCC_WARN_UNDECLARED_SELECTOR = YES;
				GCC_WARN_UNINITIALIZED_AUTOS = YES_AGGRESSIVE;
				GCC_WARN_UNUSED_FUNCTION = YES;
				GCC_WARN_UNUSED_VARIABLE = YES;
				IPHONEOS_DEPLOYMENT_TARGET = 14.4;
				MTL_ENABLE_DEBUG_INFO = NO;
				MTL_FAST_MATH = YES;
				SDKROOT = iphoneos;
				SWIFT_COMPILATION_MODE = wholemodule;
				SWIFT_OPTIMIZATION_LEVEL = "-O";
				VALIDATE_PRODUCT = YES;
			};
			name = Release;
		};
		4AD4F42E28FED842006BB383 /* Debug */ = {
			isa = XCBuildConfiguration;
			buildSettings = {
				ASSETCATALOG_COMPILER_APPICON_NAME = AppIcon;
				ASSETCATALOG_COMPILER_GLOBAL_ACCENT_COLOR_NAME = AccentColor;
				CODE_SIGN_STYLE = Automatic;
				DEVELOPMENT_TEAM = PB92MV6U93;
				INFOPLIST_FILE = "Driving Test Georgia/Info.plist";
				LD_RUNPATH_SEARCH_PATHS = (
					"$(inherited)",
					"@executable_path/Frameworks",
				);
				PRODUCT_BUNDLE_IDENTIFIER = "com.bienkokate.Driving-Test-Georgia";
				PRODUCT_NAME = "$(TARGET_NAME)";
				SWIFT_VERSION = 5.0;
				TARGETED_DEVICE_FAMILY = "1,2";
			};
			name = Debug;
		};
		4AD4F42F28FED842006BB383 /* Release */ = {
			isa = XCBuildConfiguration;
			buildSettings = {
				ASSETCATALOG_COMPILER_APPICON_NAME = AppIcon;
				ASSETCATALOG_COMPILER_GLOBAL_ACCENT_COLOR_NAME = AccentColor;
				CODE_SIGN_STYLE = Automatic;
				DEVELOPMENT_TEAM = PB92MV6U93;
				INFOPLIST_FILE = "Driving Test Georgia/Info.plist";
				LD_RUNPATH_SEARCH_PATHS = (
					"$(inherited)",
					"@executable_path/Frameworks",
				);
				PRODUCT_BUNDLE_IDENTIFIER = "com.bienkokate.Driving-Test-Georgia";
				PRODUCT_NAME = "$(TARGET_NAME)";
				SWIFT_VERSION = 5.0;
				TARGETED_DEVICE_FAMILY = "1,2";
			};
			name = Release;
		};
/* End XCBuildConfiguration section */

/* Begin XCConfigurationList section */
		4AD4F41428FED83F006BB383 /* Build configuration list for PBXProject "Driving Test Georgia" */ = {
			isa = XCConfigurationList;
			buildConfigurations = (
				4AD4F42B28FED842006BB383 /* Debug */,
				4AD4F42C28FED842006BB383 /* Release */,
			);
			defaultConfigurationIsVisible = 0;
			defaultConfigurationName = Release;
		};
		4AD4F42D28FED842006BB383 /* Build configuration list for PBXNativeTarget "Driving Test Georgia" */ = {
			isa = XCConfigurationList;
			buildConfigurations = (
				4AD4F42E28FED842006BB383 /* Debug */,
				4AD4F42F28FED842006BB383 /* Release */,
			);
			defaultConfigurationIsVisible = 0;
			defaultConfigurationName = Release;
		};
/* End XCConfigurationList section */
	};
	rootObject = 4AD4F41128FED83F006BB383 /* Project object */;
}
